
Microsoft Visual Studio Solution File, Format Version 12.00
# Visual Studio Version 17
VisualStudioVersion = 17.5.002.0
MinimumVisualStudioVersion = 10.0.40219.1
Project("{9A19103F-16F7-4668-BE54-9A1E7A4F7556}") = "PointMOSA", "PointMOSA.csproj", "{CDEA6B7C-FD74-46F7-AF4F-174E59FF3A25}"
EndProject
Global
	GlobalSection(SolutionConfigurationPlatforms) = preSolution
		Debug|Any CPU = Debug|Any CPU
		Release|Any CPU = Release|Any CPU
	EndGlobalSection
	GlobalSection(ProjectConfigurationPlatforms) = postSolution
		{CDEA6B7C-FD74-46F7-AF4F-174E59FF3A25}.Debug|Any CPU.ActiveCfg = Debug|Any CPU
		{CDEA6B7C-FD74-46F7-AF4F-174E59FF3A25}.Debug|Any CPU.Build.0 = Debug|Any CPU
		{CDEA6B7C-FD74-46F7-AF4F-174E59FF3A25}.Release|Any CPU.ActiveCfg = Release|Any CPU
		{CDEA6B7C-FD74-46F7-AF4F-174E59FF3A25}.Release|Any CPU.Build.0 = Release|Any CPU
	EndGlobalSection
	GlobalSection(SolutionProperties) = preSolution
		HideSolutionNode = FALSE
	EndGlobalSection
	GlobalSection(ExtensibilityGlobals) = postSolution
		SolutionGuid = {76438F46-1D02-4434-BD20-E2FBBF9276FB}
	EndGlobalSection
EndGlobal
